{
  "nodes": {
    "blank": {
      "locked": {
        "lastModified": 1625557891,
        "narHash": "sha256-O8/MWsPBGhhyPoPLHZAuoZiiHo9q6FLlEeIDEXuj6T4=",
        "owner": "divnix",
        "repo": "blank",
        "rev": "5a5d2684073d9f563072ed07c871d577a6c614a8",
        "type": "github"
      },
      "original": {
        "owner": "divnix",
        "repo": "blank",
        "type": "github"
      }
    },
    "deploy": {
      "inputs": {
        "flake-compat": "flake-compat",
        "naersk": "naersk",
        "nixpkgs": [
          "digga",
          "nixpkgs"
        ],
        "utils": [
          "digga",
          "flake-utils"
        ]
      },
      "locked": {
        "lastModified": 1628068208,
        "narHash": "sha256-akJBkj6os4bjO1drhketJvXNC21yPuy4ufL2pyius4M=",
        "owner": "serokell",
        "repo": "deploy-rs",
        "rev": "d72174307d5b88ec24cc2e69e875228fe3d642ed",
        "type": "github"
      },
      "original": {
        "owner": "serokell",
        "repo": "deploy-rs",
        "type": "github"
      }
    },
    "devshell": {
      "locked": {
        "lastModified": 1625086391,
        "narHash": "sha256-IpNPv1v8s4L3CoxhwcgZIitGpcrnNgnj09X7TA0QV3k=",
        "owner": "numtide",
        "repo": "devshell",
        "rev": "4b5ac7cf7d9a1cc60b965bb51b59922f2210cbc7",
        "type": "github"
      },
      "original": {
        "owner": "numtide",
        "repo": "devshell",
        "type": "github"
      }
    },
    "digga": {
      "inputs": {
        "blank": "blank",
        "deploy": "deploy",
        "devshell": "devshell",
        "flake-utils": "flake-utils",
        "flake-utils-plus": "flake-utils-plus",
        "home-manager": "home-manager",
        "nixlib": [
          "digga",
          "nixpkgs"
        ],
        "nixos-generators": "nixos-generators",
        "nixpkgs": "nixpkgs"
      },
      "locked": {
        "lastModified": 1628381346,
        "narHash": "sha256-udQ9DBdUoZZW5vLuYgaAR00VIvHiWEoT4khhF4o3gqw=",
        "owner": "divnix",
        "repo": "digga",
        "rev": "dbc88a75a2e2dbdeb0b482d1522f215aa68325e5",
        "type": "github"
      },
      "original": {
        "owner": "divnix",
        "repo": "digga",
        "type": "github"
      }
    },
    "flake-compat": {
      "flake": false,
      "locked": {
        "lastModified": 1606424373,
        "narHash": "sha256-oq8d4//CJOrVj+EcOaSXvMebvuTkmBJuT5tzlfewUnQ=",
        "owner": "edolstra",
        "repo": "flake-compat",
        "rev": "99f1c2157fba4bfe6211a321fd0ee43199025dbf",
        "type": "github"
      },
      "original": {
        "owner": "edolstra",
        "repo": "flake-compat",
        "type": "github"
      }
    },
    "flake-utils": {
      "locked": {
        "lastModified": 1623875721,
        "narHash": "sha256-A8BU7bjS5GirpAUv4QA+QnJ4CceLHkcXdRp4xITDB0s=",
        "owner": "numtide",
        "repo": "flake-utils",
        "rev": "f7e004a55b120c02ecb6219596820fcd32ca8772",
        "type": "github"
      },
      "original": {
        "owner": "numtide",
        "repo": "flake-utils",
        "type": "github"
      }
    },
    "flake-utils-plus": {
      "inputs": {
        "flake-utils": [
          "digga",
          "flake-utils"
        ]
      },
      "locked": {
        "lastModified": 1627071952,
        "narHash": "sha256-FhE0KOuI9Kl4eyGJXu4bh9fBP2hbxjnD1DlKHljCcYs=",
        "owner": "gytis-ivaskevicius",
        "repo": "flake-utils-plus",
        "rev": "51a82925db31073bc4822c9b538a0a3ebf1134b2",
        "type": "github"
      },
      "original": {
        "owner": "gytis-ivaskevicius",
        "ref": "staging",
        "repo": "flake-utils-plus",
        "type": "github"
      }
    },
    "home": {
      "inputs": {
        "nixpkgs": [
          "nixos"
        ]
      },
      "locked": {
        "lastModified": 1627649712,
        "narHash": "sha256-AJBasvMKpsyJmCLdjroBElCHY5AlalbVy+XY5vjbgXc=",
        "owner": "nix-community",
        "repo": "home-manager",
        "rev": "b39647e52ed3c0b989e9d5c965e598ae4c38d7ef",
        "type": "github"
      },
      "original": {
        "owner": "nix-community",
        "ref": "release-21.05",
        "repo": "home-manager",
        "type": "github"
      }
    },
    "home-manager": {
      "inputs": {
        "nixpkgs": [
          "digga",
          "nixlib"
        ]
      },
      "locked": {
        "lastModified": 1627592512,
        "narHash": "sha256-+bauwACGl+/dTQB047XImRz5P6Lp6vxl5ruiKjtENxo=",
        "owner": "nix-community",
        "repo": "home-manager",
        "rev": "7f976da06840c268cc291a021bab7532b923713c",
        "type": "github"
      },
      "original": {
        "owner": "nix-community",
        "repo": "home-manager",
        "type": "github"
      }
    },
    "naersk": {
      "inputs": {
        "nixpkgs": [
          "digga",
          "deploy",
          "nixpkgs"
        ]
      },
      "locked": {
        "lastModified": 1622810282,
        "narHash": "sha256-4wmvM3/xfD0hCdNDIXVzRMfL4yB1J+DjH6Zte2xbAxk=",
        "owner": "nmattia",
        "repo": "naersk",
        "rev": "e8061169e1495871b56be97c5c51d310fae01374",
        "type": "github"
      },
      "original": {
        "owner": "nmattia",
        "ref": "master",
        "repo": "naersk",
        "type": "github"
      }
    },
    "nixos": {
      "locked": {
        "lastModified": 1628794200,
        "narHash": "sha256-TsvuKMczLaJ1b4IJAtBMOCfJfiONlPav6HhjGuop1Rk=",
        "owner": "nixos",
        "repo": "nixpkgs",
        "rev": "a996e2ce3219e121147b08adaa23389e3130dbc7",
        "type": "github"
      },
      "original": {
        "owner": "nixos",
        "ref": "release-21.05",
        "repo": "nixpkgs",
        "type": "github"
      }
    },
    "nixos-generators": {
      "inputs": {
        "nixlib": [
          "digga",
          "nixlib"
        ],
        "nixpkgs": [
          "digga",
          "blank"
        ]
      },
      "locked": {
        "lastModified": 1624973746,
        "narHash": "sha256-11JbJRduNwyf556gndGErR5/12ceyHOHBfEuha5Vws4=",
        "owner": "nix-community",
        "repo": "nixos-generators",
        "rev": "022ef440af8dc237ab1f59fa363cb1e25783ec3e",
        "type": "github"
      },
      "original": {
        "owner": "nix-community",
        "repo": "nixos-generators",
        "type": "github"
      }
    },
    "nixpkgs": {
      "locked": {
        "lastModified": 1628203131,
        "narHash": "sha256-jQgXeJ9NQQS0Eobb/qQOvS+RRULkqRikAeXkkFKOPDA=",
        "owner": "nixos",
        "repo": "nixpkgs",
        "rev": "178da37860823d35e801c7df2f73d7866d3d598a",
        "type": "github"
      },
      "original": {
        "owner": "nixos",
        "ref": "release-21.05",
        "repo": "nixpkgs",
        "type": "github"
      }
    },
    "root": {
      "inputs": {
        "digga": "digga",
        "home": "home",
        "nixos": "nixos"
      }
    }
  },
  "root": "root",
  "version": 7
}
