{
  "nodes": {
    "home": {
      "inputs": {
        "nixpkgs": [
          "nixpkgs"
        ]
      },
      "locked": {
        "lastModified": 1630294974,
        "narHash": "sha256-9e3AKxbCoexrsWFXxQ4QUETNxQlXaffnntEnPOO19oI=",
        "owner": "nix-community",
        "repo": "home-manager",
        "rev": "61ca2fc1c00a275b8bd61582b23195d60fe0fa40",
        "type": "github"
      },
      "original": {
        "owner": "nix-community",
        "repo": "home-manager",
        "type": "github"
      }
    },
    "nixpkgs": {
      "locked": {
        "lastModified": 1630358951,
        "narHash": "sha256-y6jh6YDWX6fX88tS9bSFOVSnckCL4qgt7UqUJhLPSx8=",
        "owner": "nixos",
        "repo": "nixpkgs",
        "rev": "2d786792ca69c98a8655858464e53698ad7311e2",
        "type": "github"
      },
      "original": {
        "owner": "nixos",
        "repo": "nixpkgs",
        "type": "github"
      }
    },
    "root": {
      "inputs": {
        "home": "home",
        "nixpkgs": "nixpkgs"
      }
    }
  },
  "root": "root",
  "version": 7
}
