{
  "nodes": {
    "home": {
      "inputs": {
        "nixpkgs": "nixpkgs"
      },
      "locked": {
        "lastModified": 1628717424,
        "narHash": "sha256-s/9mf0dhnM0itctLEIVmQnwNZi0drtqI2WU/NPFEsgY=",
        "owner": "nix-community",
        "repo": "home-manager",
        "rev": "604561ba9ac45ee30385670b18f15731c541287b",
        "type": "github"
      },
      "original": {
        "owner": "nix-community",
        "repo": "home-manager",
        "type": "github"
      }
    },
    "nixpkgs": {
      "locked": {
        "lastModified": 1628790576,
        "narHash": "sha256-b2d38yNDoev6ScO6yUfyPAaPPOCphzyhy8wrMKcFTfk=",
        "owner": "NixOS",
        "repo": "nixpkgs",
        "rev": "c87557a817a6bfbb0906de005c259c846c38f312",
        "type": "github"
      },
      "original": {
        "id": "nixpkgs",
        "type": "indirect"
      }
    },
    "nixpkgs_2": {
      "locked": {
        "lastModified": 1628792056,
        "narHash": "sha256-3Kfhx2fzcR0rFUm3Z3PQZV3cvVkC9opEou9roIBvEGs=",
        "owner": "nixos",
        "repo": "nixpkgs",
        "rev": "6dfd25fdc4fbbde2b13d3140287cee04f5e9e483",
        "type": "github"
      },
      "original": {
        "owner": "nixos",
        "repo": "nixpkgs",
        "type": "github"
      }
    },
    "root": {
      "inputs": {
        "home": "home",
        "nixpkgs": "nixpkgs_2"
      }
    }
  },
  "root": "root",
  "version": 7
}
